
Microsoft Visual Studio Solution File, Format Version 12.00
# Visual Studio Version 16
VisualStudioVersion = 16.0.29306.81
MinimumVisualStudioVersion = 10.0.40219.1
Project("{151D2E53-A2C4-4D7D-83FE-D05416EBD58E}") = "DataAIARMTemplatesProj", "DataAIARMTemplatesProj\DataAIARMTemplatesProj.deployproj", "{58023F6F-95F1-48C7-81A0-2DC9C9F329D4}"
EndProject
Global
	GlobalSection(SolutionConfigurationPlatforms) = preSolution
		Debug|Any CPU = Debug|Any CPU
		Release|Any CPU = Release|Any CPU
	EndGlobalSection
	GlobalSection(ProjectConfigurationPlatforms) = postSolution
		{58023F6F-95F1-48C7-81A0-2DC9C9F329D4}.Debug|Any CPU.ActiveCfg = Debug|Any CPU
		{58023F6F-95F1-48C7-81A0-2DC9C9F329D4}.Debug|Any CPU.Build.0 = Debug|Any CPU
		{58023F6F-95F1-48C7-81A0-2DC9C9F329D4}.Release|Any CPU.ActiveCfg = Release|Any CPU
		{58023F6F-95F1-48C7-81A0-2DC9C9F329D4}.Release|Any CPU.Build.0 = Release|Any CPU
	EndGlobalSection
	GlobalSection(SolutionProperties) = preSolution
		HideSolutionNode = FALSE
	EndGlobalSection
	GlobalSection(ExtensibilityGlobals) = postSolution
		SolutionGuid = {BAD59BF2-A6BF-4568-A9C3-45B99ED9DE6E}
	EndGlobalSection
EndGlobal
